{
  "nodes": {
    "home-manager": {
      "inputs": {
        "nixpkgs": [
          "nixpkgs"
        ]
      },
      "locked": {
        "lastModified": 1618177587,
        "narHash": "sha256-9y5Y7YK2W+kzXBrYkrw964xWbo2O4m5A91PohkyGkj8=",
        "owner": "rycee",
        "repo": "home-manager",
        "rev": "0a6227d667d1d2bc6a79de24fd12becc523f2e2f",
        "type": "github"
      },
      "original": {
        "owner": "rycee",
        "ref": "master",
        "repo": "home-manager",
        "type": "github"
      }
    },
    "nixpkgs": {
      "locked": {
        "lastModified": 1618072958,
        "narHash": "sha256-QDKj58ECixtb4EJMWV5D5Lb2xdCgab1Opi4zjQWbDOg=",
        "owner": "NixOS",
        "repo": "nixpkgs",
        "rev": "a73020b2a150322c9832b50baeb0296ba3b13dd7",
        "type": "github"
      },
      "original": {
        "owner": "NixOS",
        "ref": "nixos-unstable",
        "repo": "nixpkgs",
        "type": "github"
      }
    },
    "nixpkgs-dev": {
      "locked": {
        "lastModified": 1617664171,
        "narHash": "sha256-9FhV99Pa63ZU0agRMZL5Q6eQ56KZqWfohq8BCiK0U4w=",
        "owner": "xdHampus",
        "repo": "nixpkgs",
        "rev": "b0cf9f6775e09b3611ad6632cd2a46372496531e",
        "type": "github"
      },
      "original": {
        "owner": "xdHampus",
        "ref": "master",
        "repo": "nixpkgs",
        "type": "github"
      }
    },
    "nixpkgs-unstable": {
      "locked": {
        "lastModified": 1618271656,
        "narHash": "sha256-wEA6XEHxbUYwf7MTabN8SRUUzEogb4N1GyNIK3gI4vA=",
        "owner": "NixOS",
        "repo": "nixpkgs",
        "rev": "eeb3107a08ba81cedebadb847c4c459ce12b4d56",
        "type": "github"
      },
      "original": {
        "owner": "NixOS",
        "ref": "master",
        "repo": "nixpkgs",
        "type": "github"
      }
    },
    "root": {
      "inputs": {
        "home-manager": "home-manager",
        "nixpkgs": "nixpkgs",
        "nixpkgs-dev": "nixpkgs-dev",
        "nixpkgs-unstable": "nixpkgs-unstable"
      }
    }
  },
  "root": "root",
  "version": 7
}
