{
  "nodes": {
    "home-manager": {
      "inputs": {
        "nixpkgs": "nixpkgs"
      },
      "locked": {
        "lastModified": 1639695966,
        "narHash": "sha256-p7NLQXuG6FW0jnigznCUheQCORRcynSnZm3d6sqyFLM=",
        "owner": "nix-community",
        "repo": "home-manager",
        "rev": "6c6f934f0ba77dbcaefa84c106cab505f1e5bc58",
        "type": "github"
      },
      "original": {
        "owner": "nix-community",
        "repo": "home-manager",
        "type": "github"
      }
    },
    "nixpkgs": {
      "locked": {
        "lastModified": 1639713555,
        "narHash": "sha256-w1TacWjnqhC19n+rheyOif3JxwvWMbyxfgqYCY0FLdQ=",
        "owner": "NixOS",
        "repo": "nixpkgs",
        "rev": "45a3f9d7725c7e21b252c223676cc56fb2ed5d6d",
        "type": "github"
      },
      "original": {
        "id": "nixpkgs",
        "type": "indirect"
      }
    },
    "nixpkgs-dev": {
      "locked": {
        "lastModified": 1621855988,
        "narHash": "sha256-VDckJevT6uY8KJzs7SLSb3GZrfpY9hDlRKD/MSCvKRM=",
        "owner": "xdHampus",
        "repo": "nixpkgs",
        "rev": "4f51b501fe6c6bd19fdefae272a42f16820f3cdd",
        "type": "github"
      },
      "original": {
        "owner": "xdHampus",
        "ref": "master",
        "repo": "nixpkgs",
        "type": "github"
      }
    },
    "nixpkgs-unstable": {
      "locked": {
        "lastModified": 1626472062,
        "narHash": "sha256-tb+PO/p1hzXeHHHGwQ+r8/ph+WrfVVjh71BaMPGvWTE=",
        "owner": "NixOS",
        "repo": "nixpkgs",
        "rev": "eb7b4bafc5ccbdfae02d733afcabafc874179d90",
        "type": "github"
      },
      "original": {
        "owner": "NixOS",
        "ref": "master",
        "repo": "nixpkgs",
        "type": "github"
      }
    },
    "nixpkgs_2": {
      "locked": {
        "lastModified": 1646254136,
        "narHash": "sha256-8nQx02tTzgYO21BP/dy5BCRopE8OwE8Drsw98j+Qoaw=",
        "owner": "NixOS",
        "repo": "nixpkgs",
        "rev": "3e072546ea98db00c2364b81491b893673267827",
        "type": "github"
      },
      "original": {
        "owner": "NixOS",
        "ref": "nixos-unstable",
        "repo": "nixpkgs",
        "type": "github"
      }
    },
    "root": {
      "inputs": {
        "home-manager": "home-manager",
        "nixpkgs": "nixpkgs_2",
        "nixpkgs-dev": "nixpkgs-dev",
        "nixpkgs-unstable": "nixpkgs-unstable"
      }
    }
  },
  "root": "root",
  "version": 7
}
